
Microsoft Visual Studio Solution File, Format Version 12.00
# Visual Studio Version 17
VisualStudioVersion = 17.0.32112.339
MinimumVisualStudioVersion = 10.0.40219.1
Project("{9A19103F-16F7-4668-BE54-9A1E7A4F7556}") = "Classes", "Classes\Classes.csproj", "{9B84D608-6567-4227-8C45-C13879321231}"
EndProject
Project("{FAE04EC0-301F-11D3-BF4B-00C04F79EFBC}") = "ReCapDemo1", "ReCapDemo1\ReCapDemo1.csproj", "{0650E75E-4FEB-461F-8C38-86D8F69F1FEB}"
EndProject
Project("{FAE04EC0-301F-11D3-BF4B-00C04F79EFBC}") = "Interfaces", "Interfaces\Interfaces.csproj", "{9941992B-69B8-493E-AE4F-82ED9FF96224}"
EndProject
Project("{FAE04EC0-301F-11D3-BF4B-00C04F79EFBC}") = "InterfacesDemo", "InterfacesDemo\InterfacesDemo.csproj", "{5C9AE615-6181-4EC6-9E06-16FD5299719B}"
EndProject
Project("{FAE04EC0-301F-11D3-BF4B-00C04F79EFBC}") = "Inheritance", "Inheritance\Inheritance.csproj", "{CA6E136E-1BDF-4A17-89FB-DD475DB7EAA8}"
EndProject
Global
	GlobalSection(SolutionConfigurationPlatforms) = preSolution
		Debug|Any CPU = Debug|Any CPU
		Release|Any CPU = Release|Any CPU
	EndGlobalSection
	GlobalSection(ProjectConfigurationPlatforms) = postSolution
		{9B84D608-6567-4227-8C45-C13879321231}.Debug|Any CPU.ActiveCfg = Debug|Any CPU
		{9B84D608-6567-4227-8C45-C13879321231}.Debug|Any CPU.Build.0 = Debug|Any CPU
		{9B84D608-6567-4227-8C45-C13879321231}.Release|Any CPU.ActiveCfg = Release|Any CPU
		{9B84D608-6567-4227-8C45-C13879321231}.Release|Any CPU.Build.0 = Release|Any CPU
		{0650E75E-4FEB-461F-8C38-86D8F69F1FEB}.Debug|Any CPU.ActiveCfg = Debug|Any CPU
		{0650E75E-4FEB-461F-8C38-86D8F69F1FEB}.Debug|Any CPU.Build.0 = Debug|Any CPU
		{0650E75E-4FEB-461F-8C38-86D8F69F1FEB}.Release|Any CPU.ActiveCfg = Release|Any CPU
		{0650E75E-4FEB-461F-8C38-86D8F69F1FEB}.Release|Any CPU.Build.0 = Release|Any CPU
		{9941992B-69B8-493E-AE4F-82ED9FF96224}.Debug|Any CPU.ActiveCfg = Debug|Any CPU
		{9941992B-69B8-493E-AE4F-82ED9FF96224}.Debug|Any CPU.Build.0 = Debug|Any CPU
		{9941992B-69B8-493E-AE4F-82ED9FF96224}.Release|Any CPU.ActiveCfg = Release|Any CPU
		{9941992B-69B8-493E-AE4F-82ED9FF96224}.Release|Any CPU.Build.0 = Release|Any CPU
		{5C9AE615-6181-4EC6-9E06-16FD5299719B}.Debug|Any CPU.ActiveCfg = Debug|Any CPU
		{5C9AE615-6181-4EC6-9E06-16FD5299719B}.Debug|Any CPU.Build.0 = Debug|Any CPU
		{5C9AE615-6181-4EC6-9E06-16FD5299719B}.Release|Any CPU.ActiveCfg = Release|Any CPU
		{5C9AE615-6181-4EC6-9E06-16FD5299719B}.Release|Any CPU.Build.0 = Release|Any CPU
		{CA6E136E-1BDF-4A17-89FB-DD475DB7EAA8}.Debug|Any CPU.ActiveCfg = Debug|Any CPU
		{CA6E136E-1BDF-4A17-89FB-DD475DB7EAA8}.Debug|Any CPU.Build.0 = Debug|Any CPU
		{CA6E136E-1BDF-4A17-89FB-DD475DB7EAA8}.Release|Any CPU.ActiveCfg = Release|Any CPU
		{CA6E136E-1BDF-4A17-89FB-DD475DB7EAA8}.Release|Any CPU.Build.0 = Release|Any CPU
	EndGlobalSection
	GlobalSection(SolutionProperties) = preSolution
		HideSolutionNode = FALSE
	EndGlobalSection
	GlobalSection(ExtensibilityGlobals) = postSolution
		SolutionGuid = {6C03D943-A00F-42B4-B93B-C21F9EF17661}
	EndGlobalSection
EndGlobal
